Microsoft Visual Studio Solution File, Format Version 12.00
# Visual Studio 2012
Project("{FAE04EC0-301F-11D3-BF4B-00C04F79EFBC}") = "Mtelligent.Dashboard.Web", "Mtelligent.Dashboard.Web\Mtelligent.Dashboard.Web.csproj", "{C858FBE8-62D3-4256-8A45-C4B2F6AA70D1}"
EndProject
Project("{FAE04EC0-301F-11D3-BF4B-00C04F79EFBC}") = "Mtelligent.Dashboard.Web.Tests", "Mtelligent.Dashboard.Web.Tests\Mtelligent.Dashboard.Web.Tests.csproj", "{66890812-719F-4E0E-AADF-7C01F4D71830}"
EndProject
Project("{2150E333-8FDC-42A3-9474-1A3956D46DE8}") = "Dashboard", "Dashboard", "{9C1CF6FB-C577-4C0A-A6F3-058F89635275}"
EndProject
Project("{2150E333-8FDC-42A3-9474-1A3956D46DE8}") = "Core", "Core", "{F4DDD6F8-E013-41B7-94F5-BCB15B9E23D7}"
EndProject
Project("{FAE04EC0-301F-11D3-BF4B-00C04F79EFBC}") = "Mtelligent.Dashboard.Data", "Mtelligent.Dashboard.Data\Mtelligent.Dashboard.Data.csproj", "{EDE4AA56-A56E-456A-980B-BF7A413F553F}"
EndProject
Project("{00D1A9C2-B5F0-4AF3-8072-F6C62B433612}") = "Mtelligent.DB", "Mtelligent.DB\Mtelligent.DB.sqlproj", "{F771B7AA-EC55-46A2-BAA2-4AE473C03546}"
EndProject
Project("{FAE04EC0-301F-11D3-BF4B-00C04F79EFBC}") = "Mtelligent", "Mtelligent\Mtelligent.csproj", "{73213FC3-5A59-4986-AEFF-613ABCA274CE}"
EndProject
Project("{FAE04EC0-301F-11D3-BF4B-00C04F79EFBC}") = "Mtelligent.Tests", "Mtelligent.Tests\Mtelligent.Tests.csproj", "{9FDBF75F-9E8B-4C49-B42C-4E6B038184EA}"
EndProject
Global
	GlobalSection(SolutionConfigurationPlatforms) = preSolution
		Debug|Any CPU = Debug|Any CPU
		Release|Any CPU = Release|Any CPU
	EndGlobalSection
	GlobalSection(ProjectConfigurationPlatforms) = postSolution
		{C858FBE8-62D3-4256-8A45-C4B2F6AA70D1}.Debug|Any CPU.ActiveCfg = Debug|Any CPU
		{C858FBE8-62D3-4256-8A45-C4B2F6AA70D1}.Debug|Any CPU.Build.0 = Debug|Any CPU
		{C858FBE8-62D3-4256-8A45-C4B2F6AA70D1}.Release|Any CPU.ActiveCfg = Release|Any CPU
		{C858FBE8-62D3-4256-8A45-C4B2F6AA70D1}.Release|Any CPU.Build.0 = Release|Any CPU
		{66890812-719F-4E0E-AADF-7C01F4D71830}.Debug|Any CPU.ActiveCfg = Debug|Any CPU
		{66890812-719F-4E0E-AADF-7C01F4D71830}.Debug|Any CPU.Build.0 = Debug|Any CPU
		{66890812-719F-4E0E-AADF-7C01F4D71830}.Release|Any CPU.ActiveCfg = Release|Any CPU
		{66890812-719F-4E0E-AADF-7C01F4D71830}.Release|Any CPU.Build.0 = Release|Any CPU
		{EDE4AA56-A56E-456A-980B-BF7A413F553F}.Debug|Any CPU.ActiveCfg = Debug|Any CPU
		{EDE4AA56-A56E-456A-980B-BF7A413F553F}.Debug|Any CPU.Build.0 = Debug|Any CPU
		{EDE4AA56-A56E-456A-980B-BF7A413F553F}.Release|Any CPU.ActiveCfg = Release|Any CPU
		{EDE4AA56-A56E-456A-980B-BF7A413F553F}.Release|Any CPU.Build.0 = Release|Any CPU
		{F771B7AA-EC55-46A2-BAA2-4AE473C03546}.Debug|Any CPU.ActiveCfg = Debug|Any CPU
		{F771B7AA-EC55-46A2-BAA2-4AE473C03546}.Debug|Any CPU.Build.0 = Debug|Any CPU
		{F771B7AA-EC55-46A2-BAA2-4AE473C03546}.Debug|Any CPU.Deploy.0 = Debug|Any CPU
		{F771B7AA-EC55-46A2-BAA2-4AE473C03546}.Release|Any CPU.ActiveCfg = Release|Any CPU
		{F771B7AA-EC55-46A2-BAA2-4AE473C03546}.Release|Any CPU.Build.0 = Release|Any CPU
		{F771B7AA-EC55-46A2-BAA2-4AE473C03546}.Release|Any CPU.Deploy.0 = Release|Any CPU
		{73213FC3-5A59-4986-AEFF-613ABCA274CE}.Debug|Any CPU.ActiveCfg = Debug|Any CPU
		{73213FC3-5A59-4986-AEFF-613ABCA274CE}.Debug|Any CPU.Build.0 = Debug|Any CPU
		{73213FC3-5A59-4986-AEFF-613ABCA274CE}.Release|Any CPU.ActiveCfg = Release|Any CPU
		{73213FC3-5A59-4986-AEFF-613ABCA274CE}.Release|Any CPU.Build.0 = Release|Any CPU
		{9FDBF75F-9E8B-4C49-B42C-4E6B038184EA}.Debug|Any CPU.ActiveCfg = Debug|Any CPU
		{9FDBF75F-9E8B-4C49-B42C-4E6B038184EA}.Debug|Any CPU.Build.0 = Debug|Any CPU
		{9FDBF75F-9E8B-4C49-B42C-4E6B038184EA}.Release|Any CPU.ActiveCfg = Release|Any CPU
		{9FDBF75F-9E8B-4C49-B42C-4E6B038184EA}.Release|Any CPU.Build.0 = Release|Any CPU
	EndGlobalSection
	GlobalSection(SolutionProperties) = preSolution
		HideSolutionNode = FALSE
	EndGlobalSection
	GlobalSection(NestedProjects) = preSolution
		{F771B7AA-EC55-46A2-BAA2-4AE473C03546} = {F4DDD6F8-E013-41B7-94F5-BCB15B9E23D7}
		{73213FC3-5A59-4986-AEFF-613ABCA274CE} = {F4DDD6F8-E013-41B7-94F5-BCB15B9E23D7}
		{9FDBF75F-9E8B-4C49-B42C-4E6B038184EA} = {F4DDD6F8-E013-41B7-94F5-BCB15B9E23D7}
		{66890812-719F-4E0E-AADF-7C01F4D71830} = {9C1CF6FB-C577-4C0A-A6F3-058F89635275}
		{C858FBE8-62D3-4256-8A45-C4B2F6AA70D1} = {9C1CF6FB-C577-4C0A-A6F3-058F89635275}
		{EDE4AA56-A56E-456A-980B-BF7A413F553F} = {9C1CF6FB-C577-4C0A-A6F3-058F89635275}
	EndGlobalSection
	GlobalSection(ExtensibilityGlobals) = postSolution
		EnterpriseLibraryConfigurationToolBinariesPathV6 = packages\EnterpriseLibrary.Common.6.0.1304.0\lib\NET45;packages\EnterpriseLibrary.Data.6.0.1304.0\lib\NET45
	EndGlobalSection
	GlobalSection(MonoDevelopProperties) = preSolution
		StartupItem = Mtelligent.Configuration\Mtelligent.Configuration.csproj
	EndGlobalSection
EndGlobal
